
Microsoft Visual Studio Solution File, Format Version 12.00
# Visual Studio Version 17
VisualStudioVersion = 17.5.002.0
MinimumVisualStudioVersion = 10.0.40219.1
Project("{9A19103F-16F7-4668-BE54-9A1E7A4F7556}") = "producer", "producer\producer.csproj", "{B81E95D0-DFA3-4896-807A-68707D70E087}"
EndProject
Global
	GlobalSection(SolutionConfigurationPlatforms) = preSolution
		Debug|Any CPU = Debug|Any CPU
		Release|Any CPU = Release|Any CPU
	EndGlobalSection
	GlobalSection(ProjectConfigurationPlatforms) = postSolution
		{B81E95D0-DFA3-4896-807A-68707D70E087}.Debug|Any CPU.ActiveCfg = Debug|Any CPU
		{B81E95D0-DFA3-4896-807A-68707D70E087}.Debug|Any CPU.Build.0 = Debug|Any CPU
		{B81E95D0-DFA3-4896-807A-68707D70E087}.Release|Any CPU.ActiveCfg = Release|Any CPU
		{B81E95D0-DFA3-4896-807A-68707D70E087}.Release|Any CPU.Build.0 = Release|Any CPU
	EndGlobalSection
	GlobalSection(SolutionProperties) = preSolution
		HideSolutionNode = FALSE
	EndGlobalSection
	GlobalSection(ExtensibilityGlobals) = postSolution
		SolutionGuid = {E99D3165-84CC-44E5-9D9C-08E851EDD452}
	EndGlobalSection
EndGlobal
